{
  "name": "crewportalen",
  "version": "0.1.0",
  "lockfileVersion": 1,
  "requires": true,
  "dependencies": {
    "moment": {
      "version": "2.20.1",
      "resolved": "https://registry.npmjs.org/moment/-/moment-2.20.1.tgz",
      "integrity": "sha512-Yh9y73JRljxW5QxN08Fner68eFLxM5ynNOAw2LbIB1YAGeQzZT8QFSUvkAz609Zf+IHhhaUxqZK8dG3W/+HEvg=="
    },
    "react-moment": {
      "version": "0.6.8",
      "resolved": "https://registry.npmjs.org/react-moment/-/react-moment-0.6.8.tgz",
      "integrity": "sha512-tONufrb6L69k00hiTy6q0G3gRJD2reB6lCcMOVsSpBYKALw3Z7+V2Cenbxa2UsQW/KV4UkzxsPiFQYHsi1j5Ow=="
    }
  }
}
